// !$*UTF8*$!
{
	archiveVersion = 1;
	classes = {
	};
	objectVersion = 56;
	objects = {

/* Begin PBXBuildFile section */
		2B514F2D2CD26990004A34A6 /* NavigationView.swift in Sources */ = {isa = PBXBuildFile; fileRef = 2B514F2C2CD26990004A34A6 /* NavigationView.swift */; };
		2B514F2F2CD26D3A004A34A6 /* MotoView.swift in Sources */ = {isa = PBXBuildFile; fileRef = 2B514F2E2CD26D3A004A34A6 /* MotoView.swift */; };
		2B514F312CD270DC004A34A6 /* Motorcycle.swift in Sources */ = {isa = PBXBuildFile; fileRef = 2B514F302CD270DC004A34A6 /* Motorcycle.swift */; };
		2B514F332CD271E0004A34A6 /* MotorcycleViewModel.swift in Sources */ = {isa = PBXBuildFile; fileRef = 2B514F322CD271E0004A34A6 /* MotorcycleViewModel.swift */; };
		2B514F372CD27717004A34A6 /* NewMotorcycleView.swift in Sources */ = {isa = PBXBuildFile; fileRef = 2B514F362CD27717004A34A6 /* NewMotorcycleView.swift */; };
		2B514F3A2CD27CBD004A34A6 /* ImagePicker.swift in Sources */ = {isa = PBXBuildFile; fileRef = 2B514F392CD27CBD004A34A6 /* ImagePicker.swift */; };
		2B514F3E2CD2871A004A34A6 /* SettingsView.swift in Sources */ = {isa = PBXBuildFile; fileRef = 2B514F3D2CD2871A004A34A6 /* SettingsView.swift */; };
		2BA3F6722CCFAD3F00B39110 /* app1021App.swift in Sources */ = {isa = PBXBuildFile; fileRef = 2BA3F6712CCFAD3F00B39110 /* app1021App.swift */; };
		2BA3F6742CCFAD3F00B39110 /* ContentView.swift in Sources */ = {isa = PBXBuildFile; fileRef = 2BA3F6732CCFAD3F00B39110 /* ContentView.swift */; };
		2BA3F6762CCFAD4100B39110 /* Assets.xcassets in Resources */ = {isa = PBXBuildFile; fileRef = 2BA3F6752CCFAD4100B39110 /* Assets.xcassets */; };
		2BA3F6792CCFAD4100B39110 /* Preview Assets.xcassets in Resources */ = {isa = PBXBuildFile; fileRef = 2BA3F6782CCFAD4100B39110 /* Preview Assets.xcassets */; };
		2BA3F6852CCFAEDF00B39110 /* ReOnboardingUIView.swift in Sources */ = {isa = PBXBuildFile; fileRef = 2BA3F6842CCFAEDF00B39110 /* ReOnboardingUIView.swift */; };
		2BA3F6872CCFAEEB00B39110 /* UsOnboardingUIView.swift in Sources */ = {isa = PBXBuildFile; fileRef = 2BA3F6862CCFAEEB00B39110 /* UsOnboardingUIView.swift */; };
		2BA3F6892CCFAEF400B39110 /* LoaderView.swift in Sources */ = {isa = PBXBuildFile; fileRef = 2BA3F6882CCFAEF400B39110 /* LoaderView.swift */; };
		2BA3F68B2CCFB11700B39110 /* Audiowide-Regular.ttf in Resources */ = {isa = PBXBuildFile; fileRef = 2BA3F68A2CCFB11700B39110 /* Audiowide-Regular.ttf */; };
		2BA3F68F2CCFC3E400B39110 /* TabUIView.swift in Sources */ = {isa = PBXBuildFile; fileRef = 2BA3F68E2CCFC3E400B39110 /* TabUIView.swift */; };
/* End PBXBuildFile section */

/* Begin PBXFileReference section */
		2B514F2C2CD26990004A34A6 /* NavigationView.swift */ = {isa = PBXFileReference; lastKnownFileType = sourcecode.swift; path = NavigationView.swift; sourceTree = "<group>"; };
		2B514F2E2CD26D3A004A34A6 /* MotoView.swift */ = {isa = PBXFileReference; lastKnownFileType = sourcecode.swift; path = MotoView.swift; sourceTree = "<group>"; };
		2B514F302CD270DC004A34A6 /* Motorcycle.swift */ = {isa = PBXFileReference; lastKnownFileType = sourcecode.swift; path = Motorcycle.swift; sourceTree = "<group>"; };
		2B514F322CD271E0004A34A6 /* MotorcycleViewModel.swift */ = {isa = PBXFileReference; lastKnownFileType = sourcecode.swift; path = MotorcycleViewModel.swift; sourceTree = "<group>"; };
		2B514F362CD27717004A34A6 /* NewMotorcycleView.swift */ = {isa = PBXFileReference; lastKnownFileType = sourcecode.swift; path = NewMotorcycleView.swift; sourceTree = "<group>"; };
		2B514F392CD27CBD004A34A6 /* ImagePicker.swift */ = {isa = PBXFileReference; lastKnownFileType = sourcecode.swift; path = ImagePicker.swift; sourceTree = "<group>"; };
		2B514F3D2CD2871A004A34A6 /* SettingsView.swift */ = {isa = PBXFileReference; lastKnownFileType = sourcecode.swift; path = SettingsView.swift; sourceTree = "<group>"; };
		2BA3F66E2CCFAD3F00B39110 /* app1021.app */ = {isa = PBXFileReference; explicitFileType = wrapper.application; includeInIndex = 0; path = app1021.app; sourceTree = BUILT_PRODUCTS_DIR; };
		2BA3F6712CCFAD3F00B39110 /* app1021App.swift */ = {isa = PBXFileReference; lastKnownFileType = sourcecode.swift; path = app1021App.swift; sourceTree = "<group>"; };
		2BA3F6732CCFAD3F00B39110 /* ContentView.swift */ = {isa = PBXFileReference; lastKnownFileType = sourcecode.swift; path = ContentView.swift; sourceTree = "<group>"; };
		2BA3F6752CCFAD4100B39110 /* Assets.xcassets */ = {isa = PBXFileReference; lastKnownFileType = folder.assetcatalog; path = Assets.xcassets; sourceTree = "<group>"; };
		2BA3F6782CCFAD4100B39110 /* Preview Assets.xcassets */ = {isa = PBXFileReference; lastKnownFileType = folder.assetcatalog; path = "Preview Assets.xcassets"; sourceTree = "<group>"; };
		2BA3F6842CCFAEDF00B39110 /* ReOnboardingUIView.swift */ = {isa = PBXFileReference; lastKnownFileType = sourcecode.swift; path = ReOnboardingUIView.swift; sourceTree = "<group>"; };
		2BA3F6862CCFAEEB00B39110 /* UsOnboardingUIView.swift */ = {isa = PBXFileReference; lastKnownFileType = sourcecode.swift; path = UsOnboardingUIView.swift; sourceTree = "<group>"; };
		2BA3F6882CCFAEF400B39110 /* LoaderView.swift */ = {isa = PBXFileReference; lastKnownFileType = sourcecode.swift; path = LoaderView.swift; sourceTree = "<group>"; };
		2BA3F68A2CCFB11700B39110 /* Audiowide-Regular.ttf */ = {isa = PBXFileReference; lastKnownFileType = file; path = "Audiowide-Regular.ttf"; sourceTree = "<group>"; };
		2BA3F68C2CCFB15400B39110 /* Info.plist */ = {isa = PBXFileReference; lastKnownFileType = text.plist; path = Info.plist; sourceTree = "<group>"; };
		2BA3F68E2CCFC3E400B39110 /* TabUIView.swift */ = {isa = PBXFileReference; lastKnownFileType = sourcecode.swift; path = TabUIView.swift; sourceTree = "<group>"; };
/* End PBXFileReference section */

/* Begin PBXFrameworksBuildPhase section */
		2BA3F66B2CCFAD3F00B39110 /* Frameworks */ = {
			isa = PBXFrameworksBuildPhase;
			buildActionMask = 2147483647;
			files = (
			);
			runOnlyForDeploymentPostprocessing = 0;
		};
/* End PBXFrameworksBuildPhase section */

/* Begin PBXGroup section */
		2B514F292CD268C6004A34A6 /* ViewModel */ = {
			isa = PBXGroup;
			children = (
				2B514F322CD271E0004A34A6 /* MotorcycleViewModel.swift */,
			);
			path = ViewModel;
			sourceTree = "<group>";
		};
		2B514F2A2CD268CC004A34A6 /* View */ = {
			isa = PBXGroup;
			children = (
				2B514F3C2CD2870C004A34A6 /* SettingsView */,
				2B514F2C2CD26990004A34A6 /* NavigationView.swift */,
				2B514F3B2CD28171004A34A6 /* MotoView */,
			);
			path = View;
			sourceTree = "<group>";
		};
		2B514F2B2CD268D3004A34A6 /* Model */ = {
			isa = PBXGroup;
			children = (
				2B514F302CD270DC004A34A6 /* Motorcycle.swift */,
			);
			path = Model;
			sourceTree = "<group>";
		};
		2B514F382CD27CAE004A34A6 /* Extension */ = {
			isa = PBXGroup;
			children = (
				2B514F392CD27CBD004A34A6 /* ImagePicker.swift */,
			);
			path = Extension;
			sourceTree = "<group>";
		};
		2B514F3B2CD28171004A34A6 /* MotoView */ = {
			isa = PBXGroup;
			children = (
				2B514F362CD27717004A34A6 /* NewMotorcycleView.swift */,
				2B514F2E2CD26D3A004A34A6 /* MotoView.swift */,
			);
			path = MotoView;
			sourceTree = "<group>";
		};
		2B514F3C2CD2870C004A34A6 /* SettingsView */ = {
			isa = PBXGroup;
			children = (
				2B514F3D2CD2871A004A34A6 /* SettingsView.swift */,
			);
			path = SettingsView;
			sourceTree = "<group>";
		};
		2BA3F6652CCFAD3F00B39110 = {
			isa = PBXGroup;
			children = (
				2BA3F6702CCFAD3F00B39110 /* app1021 */,
				2BA3F66F2CCFAD3F00B39110 /* Products */,
			);
			sourceTree = "<group>";
		};
		2BA3F66F2CCFAD3F00B39110 /* Products */ = {
			isa = PBXGroup;
			children = (
				2BA3F66E2CCFAD3F00B39110 /* app1021.app */,
			);
			name = Products;
			sourceTree = "<group>";
		};
		2BA3F6702CCFAD3F00B39110 /* app1021 */ = {
			isa = PBXGroup;
			children = (
				2BA3F68C2CCFB15400B39110 /* Info.plist */,
				2BA3F6812CCFAEB200B39110 /* First */,
				2BA3F6802CCFAEAA00B39110 /* Second */,
				2BA3F67F2CCFAEA500B39110 /* Loader */,
				2BA3F6712CCFAD3F00B39110 /* app1021App.swift */,
				2BA3F6732CCFAD3F00B39110 /* ContentView.swift */,
				2BA3F6752CCFAD4100B39110 /* Assets.xcassets */,
				2BA3F68A2CCFB11700B39110 /* Audiowide-Regular.ttf */,
				2BA3F6772CCFAD4100B39110 /* Preview Content */,
			);
			path = app1021;
			sourceTree = "<group>";
		};
		2BA3F6772CCFAD4100B39110 /* Preview Content */ = {
			isa = PBXGroup;
			children = (
				2BA3F6782CCFAD4100B39110 /* Preview Assets.xcassets */,
			);
			path = "Preview Content";
			sourceTree = "<group>";
		};
		2BA3F67F2CCFAEA500B39110 /* Loader */ = {
			isa = PBXGroup;
			children = (
				2BA3F6882CCFAEF400B39110 /* LoaderView.swift */,
			);
			path = Loader;
			sourceTree = "<group>";
		};
		2BA3F6802CCFAEAA00B39110 /* Second */ = {
			isa = PBXGroup;
			children = (
				2BA3F6822CCFAEB800B39110 /* Onboarding */,
			);
			path = Second;
			sourceTree = "<group>";
		};
		2BA3F6812CCFAEB200B39110 /* First */ = {
			isa = PBXGroup;
			children = (
				2B514F382CD27CAE004A34A6 /* Extension */,
				2B514F2B2CD268D3004A34A6 /* Model */,
				2B514F2A2CD268CC004A34A6 /* View */,
				2B514F292CD268C6004A34A6 /* ViewModel */,
				2BA3F68D2CCFC3D800B39110 /* TabView */,
				2BA3F6832CCFAEC700B39110 /* Onboarding */,
			);
			path = First;
			sourceTree = "<group>";
		};
		2BA3F6822CCFAEB800B39110 /* Onboarding */ = {
			isa = PBXGroup;
			children = (
				2BA3F6862CCFAEEB00B39110 /* UsOnboardingUIView.swift */,
			);
			path = Onboarding;
			sourceTree = "<group>";
		};
		2BA3F6832CCFAEC700B39110 /* Onboarding */ = {
			isa = PBXGroup;
			children = (
				2BA3F6842CCFAEDF00B39110 /* ReOnboardingUIView.swift */,
			);
			path = Onboarding;
			sourceTree = "<group>";
		};
		2BA3F68D2CCFC3D800B39110 /* TabView */ = {
			isa = PBXGroup;
			children = (
				2BA3F68E2CCFC3E400B39110 /* TabUIView.swift */,
			);
			path = TabView;
			sourceTree = "<group>";
		};
/* End PBXGroup section */

/* Begin PBXNativeTarget section */
		2BA3F66D2CCFAD3F00B39110 /* app1021 */ = {
			isa = PBXNativeTarget;
			buildConfigurationList = 2BA3F67C2CCFAD4100B39110 /* Build configuration list for PBXNativeTarget "app1021" */;
			buildPhases = (
				2BA3F66A2CCFAD3F00B39110 /* Sources */,
				2BA3F66B2CCFAD3F00B39110 /* Frameworks */,
				2BA3F66C2CCFAD3F00B39110 /* Resources */,
			);
			buildRules = (
			);
			dependencies = (
			);
			name = app1021;
			productName = app1021;
			productReference = 2BA3F66E2CCFAD3F00B39110 /* app1021.app */;
			productType = "com.apple.product-type.application";
		};
/* End PBXNativeTarget section */

/* Begin PBXProject section */
		2BA3F6662CCFAD3F00B39110 /* Project object */ = {
			isa = PBXProject;
			attributes = {
				BuildIndependentTargetsInParallel = 1;
				LastSwiftUpdateCheck = 1540;
				LastUpgradeCheck = 1540;
				TargetAttributes = {
					2BA3F66D2CCFAD3F00B39110 = {
						CreatedOnToolsVersion = 15.4;
					};
				};
			};
			buildConfigurationList = 2BA3F6692CCFAD3F00B39110 /* Build configuration list for PBXProject "app1021" */;
			compatibilityVersion = "Xcode 14.0";
			developmentRegion = en;
			hasScannedForEncodings = 0;
			knownRegions = (
				en,
				Base,
			);
			mainGroup = 2BA3F6652CCFAD3F00B39110;
			productRefGroup = 2BA3F66F2CCFAD3F00B39110 /* Products */;
			projectDirPath = "";
			projectRoot = "";
			targets = (
				2BA3F66D2CCFAD3F00B39110 /* app1021 */,
			);
		};
/* End PBXProject section */

/* Begin PBXResourcesBuildPhase section */
		2BA3F66C2CCFAD3F00B39110 /* Resources */ = {
			isa = PBXResourcesBuildPhase;
			buildActionMask = 2147483647;
			files = (
				2BA3F6792CCFAD4100B39110 /* Preview Assets.xcassets in Resources */,
				2BA3F6762CCFAD4100B39110 /* Assets.xcassets in Resources */,
				2BA3F68B2CCFB11700B39110 /* Audiowide-Regular.ttf in Resources */,
			);
			runOnlyForDeploymentPostprocessing = 0;
		};
/* End PBXResourcesBuildPhase section */

/* Begin PBXSourcesBuildPhase section */
		2BA3F66A2CCFAD3F00B39110 /* Sources */ = {
			isa = PBXSourcesBuildPhase;
			buildActionMask = 2147483647;
			files = (
				2B514F2D2CD26990004A34A6 /* NavigationView.swift in Sources */,
				2BA3F6742CCFAD3F00B39110 /* ContentView.swift in Sources */,
				2B514F372CD27717004A34A6 /* NewMotorcycleView.swift in Sources */,
				2BA3F6722CCFAD3F00B39110 /* app1021App.swift in Sources */,
				2B514F2F2CD26D3A004A34A6 /* MotoView.swift in Sources */,
				2B514F312CD270DC004A34A6 /* Motorcycle.swift in Sources */,
				2BA3F68F2CCFC3E400B39110 /* TabUIView.swift in Sources */,
				2BA3F6892CCFAEF400B39110 /* LoaderView.swift in Sources */,
				2BA3F6852CCFAEDF00B39110 /* ReOnboardingUIView.swift in Sources */,
				2B514F3A2CD27CBD004A34A6 /* ImagePicker.swift in Sources */,
				2BA3F6872CCFAEEB00B39110 /* UsOnboardingUIView.swift in Sources */,
				2B514F332CD271E0004A34A6 /* MotorcycleViewModel.swift in Sources */,
				2B514F3E2CD2871A004A34A6 /* SettingsView.swift in Sources */,
			);
			runOnlyForDeploymentPostprocessing = 0;
		};
/* End PBXSourcesBuildPhase section */

/* Begin XCBuildConfiguration section */
		2BA3F67A2CCFAD4100B39110 /* Debug */ = {
			isa = XCBuildConfiguration;
			buildSettings = {
				ALWAYS_SEARCH_USER_PATHS = NO;
				ASSETCATALOG_COMPILER_GENERATE_SWIFT_ASSET_SYMBOL_EXTENSIONS = YES;
				CLANG_ANALYZER_NONNULL = YES;
				CLANG_ANALYZER_NUMBER_OBJECT_CONVERSION = YES_AGGRESSIVE;
				CLANG_CXX_LANGUAGE_STANDARD = "gnu++20";
				CLANG_ENABLE_MODULES = YES;
				CLANG_ENABLE_OBJC_ARC = YES;
				CLANG_ENABLE_OBJC_WEAK = YES;
				CLANG_WARN_BLOCK_CAPTURE_AUTORELEASING = YES;
				CLANG_WARN_BOOL_CONVERSION = YES;
				CLANG_WARN_COMMA = YES;
				CLANG_WARN_CONSTANT_CONVERSION = YES;
				CLANG_WARN_DEPRECATED_OBJC_IMPLEMENTATIONS = YES;
				CLANG_WARN_DIRECT_OBJC_ISA_USAGE = YES_ERROR;
				CLANG_WARN_DOCUMENTATION_COMMENTS = YES;
				CLANG_WARN_EMPTY_BODY = YES;
				CLANG_WARN_ENUM_CONVERSION = YES;
				CLANG_WARN_INFINITE_RECURSION = YES;
				CLANG_WARN_INT_CONVERSION = YES;
				CLANG_WARN_NON_LITERAL_NULL_CONVERSION = YES;
				CLANG_WARN_OBJC_IMPLICIT_RETAIN_SELF = YES;
				CLANG_WARN_OBJC_LITERAL_CONVERSION = YES;
				CLANG_WARN_OBJC_ROOT_CLASS = YES_ERROR;
				CLANG_WARN_QUOTED_INCLUDE_IN_FRAMEWORK_HEADER = YES;
				CLANG_WARN_RANGE_LOOP_ANALYSIS = YES;
				CLANG_WARN_STRICT_PROTOTYPES = YES;
				CLANG_WARN_SUSPICIOUS_MOVE = YES;
				CLANG_WARN_UNGUARDED_AVAILABILITY = YES_AGGRESSIVE;
				CLANG_WARN_UNREACHABLE_CODE = YES;
				CLANG_WARN__DUPLICATE_METHOD_MATCH = YES;
				COPY_PHASE_STRIP = NO;
				DEBUG_INFORMATION_FORMAT = dwarf;
				ENABLE_STRICT_OBJC_MSGSEND = YES;
				ENABLE_TESTABILITY = YES;
				ENABLE_USER_SCRIPT_SANDBOXING = YES;
				GCC_C_LANGUAGE_STANDARD = gnu17;
				GCC_DYNAMIC_NO_PIC = NO;
				GCC_NO_COMMON_BLOCKS = YES;
				GCC_OPTIMIZATION_LEVEL = 0;
				GCC_PREPROCESSOR_DEFINITIONS = (
					"DEBUG=1",
					"$(inherited)",
				);
				GCC_WARN_64_TO_32_BIT_CONVERSION = YES;
				GCC_WARN_ABOUT_RETURN_TYPE = YES_ERROR;
				GCC_WARN_UNDECLARED_SELECTOR = YES;
				GCC_WARN_UNINITIALIZED_AUTOS = YES_AGGRESSIVE;
				GCC_WARN_UNUSED_FUNCTION = YES;
				GCC_WARN_UNUSED_VARIABLE = YES;
				IPHONEOS_DEPLOYMENT_TARGET = 14.0;
				LOCALIZATION_PREFERS_STRING_CATALOGS = YES;
				MTL_ENABLE_DEBUG_INFO = INCLUDE_SOURCE;
				MTL_FAST_MATH = YES;
				ONLY_ACTIVE_ARCH = YES;
				SDKROOT = iphoneos;
				SWIFT_ACTIVE_COMPILATION_CONDITIONS = "DEBUG $(inherited)";
				SWIFT_OPTIMIZATION_LEVEL = "-Onone";
			};
			name = Debug;
		};
		2BA3F67B2CCFAD4100B39110 /* Release */ = {
			isa = XCBuildConfiguration;
			buildSettings = {
				ALWAYS_SEARCH_USER_PATHS = NO;
				ASSETCATALOG_COMPILER_GENERATE_SWIFT_ASSET_SYMBOL_EXTENSIONS = YES;
				CLANG_ANALYZER_NONNULL = YES;
				CLANG_ANALYZER_NUMBER_OBJECT_CONVERSION = YES_AGGRESSIVE;
				CLANG_CXX_LANGUAGE_STANDARD = "gnu++20";
				CLANG_ENABLE_MODULES = YES;
				CLANG_ENABLE_OBJC_ARC = YES;
				CLANG_ENABLE_OBJC_WEAK = YES;
				CLANG_WARN_BLOCK_CAPTURE_AUTORELEASING = YES;
				CLANG_WARN_BOOL_CONVERSION = YES;
				CLANG_WARN_COMMA = YES;
				CLANG_WARN_CONSTANT_CONVERSION = YES;
				CLANG_WARN_DEPRECATED_OBJC_IMPLEMENTATIONS = YES;
				CLANG_WARN_DIRECT_OBJC_ISA_USAGE = YES_ERROR;
				CLANG_WARN_DOCUMENTATION_COMMENTS = YES;
				CLANG_WARN_EMPTY_BODY = YES;
				CLANG_WARN_ENUM_CONVERSION = YES;
				CLANG_WARN_INFINITE_RECURSION = YES;
				CLANG_WARN_INT_CONVERSION = YES;
				CLANG_WARN_NON_LITERAL_NULL_CONVERSION = YES;
				CLANG_WARN_OBJC_IMPLICIT_RETAIN_SELF = YES;
				CLANG_WARN_OBJC_LITERAL_CONVERSION = YES;
				CLANG_WARN_OBJC_ROOT_CLASS = YES_ERROR;
				CLANG_WARN_QUOTED_INCLUDE_IN_FRAMEWORK_HEADER = YES;
				CLANG_WARN_RANGE_LOOP_ANALYSIS = YES;
				CLANG_WARN_STRICT_PROTOTYPES = YES;
				CLANG_WARN_SUSPICIOUS_MOVE = YES;
				CLANG_WARN_UNGUARDED_AVAILABILITY = YES_AGGRESSIVE;
				CLANG_WARN_UNREACHABLE_CODE = YES;
				CLANG_WARN__DUPLICATE_METHOD_MATCH = YES;
				COPY_PHASE_STRIP = NO;
				DEBUG_INFORMATION_FORMAT = "dwarf-with-dsym";
				ENABLE_NS_ASSERTIONS = NO;
				ENABLE_STRICT_OBJC_MSGSEND = YES;
				ENABLE_USER_SCRIPT_SANDBOXING = YES;
				GCC_C_LANGUAGE_STANDARD = gnu17;
				GCC_NO_COMMON_BLOCKS = YES;
				GCC_WARN_64_TO_32_BIT_CONVERSION = YES;
				GCC_WARN_ABOUT_RETURN_TYPE = YES_ERROR;
				GCC_WARN_UNDECLARED_SELECTOR = YES;
				GCC_WARN_UNINITIALIZED_AUTOS = YES_AGGRESSIVE;
				GCC_WARN_UNUSED_FUNCTION = YES;
				GCC_WARN_UNUSED_VARIABLE = YES;
				IPHONEOS_DEPLOYMENT_TARGET = 14.0;
				LOCALIZATION_PREFERS_STRING_CATALOGS = YES;
				MTL_ENABLE_DEBUG_INFO = NO;
				MTL_FAST_MATH = YES;
				SDKROOT = iphoneos;
				SWIFT_COMPILATION_MODE = wholemodule;
				VALIDATE_PRODUCT = YES;
			};
			name = Release;
		};
		2BA3F67D2CCFAD4100B39110 /* Debug */ = {
			isa = XCBuildConfiguration;
			buildSettings = {
				ASSETCATALOG_COMPILER_APPICON_NAME = AppIcon;
				ASSETCATALOG_COMPILER_GLOBAL_ACCENT_COLOR_NAME = AccentColor;
				CODE_SIGN_STYLE = Automatic;
				CURRENT_PROJECT_VERSION = 1;
				DEVELOPMENT_ASSET_PATHS = "\"app1021/Preview Content\"";
				ENABLE_PREVIEWS = YES;
				GENERATE_INFOPLIST_FILE = YES;
				INFOPLIST_FILE = app1021/Info.plist;
				INFOPLIST_KEY_UIApplicationSceneManifest_Generation = YES;
				INFOPLIST_KEY_UIApplicationSupportsIndirectInputEvents = YES;
				INFOPLIST_KEY_UILaunchScreen_Generation = YES;
				INFOPLIST_KEY_UISupportedInterfaceOrientations = UIInterfaceOrientationPortrait;
				INFOPLIST_KEY_UISupportedInterfaceOrientations_iPad = "UIInterfaceOrientationLandscapeLeft UIInterfaceOrientationLandscapeRight UIInterfaceOrientationPortrait UIInterfaceOrientationPortraitUpsideDown";
				LD_RUNPATH_SEARCH_PATHS = (
					"$(inherited)",
					"@executable_path/Frameworks",
				);
				MARKETING_VERSION = 1.0;
				PRODUCT_BUNDLE_IDENTIFIER = com.dias.app1021;
				PRODUCT_NAME = "$(TARGET_NAME)";
				SUPPORTED_PLATFORMS = "iphoneos iphonesimulator";
				SUPPORTS_MACCATALYST = NO;
				SUPPORTS_MAC_DESIGNED_FOR_IPHONE_IPAD = NO;
				SUPPORTS_XR_DESIGNED_FOR_IPHONE_IPAD = NO;
				SWIFT_EMIT_LOC_STRINGS = YES;
				SWIFT_VERSION = 5.0;
				TARGETED_DEVICE_FAMILY = 1;
			};
			name = Debug;
		};
		2BA3F67E2CCFAD4100B39110 /* Release */ = {
			isa = XCBuildConfiguration;
			buildSettings = {
				ASSETCATALOG_COMPILER_APPICON_NAME = AppIcon;
				ASSETCATALOG_COMPILER_GLOBAL_ACCENT_COLOR_NAME = AccentColor;
				CODE_SIGN_STYLE = Automatic;
				CURRENT_PROJECT_VERSION = 1;
				DEVELOPMENT_ASSET_PATHS = "\"app1021/Preview Content\"";
				ENABLE_PREVIEWS = YES;
				GENERATE_INFOPLIST_FILE = YES;
				INFOPLIST_FILE = app1021/Info.plist;
				INFOPLIST_KEY_UIApplicationSceneManifest_Generation = YES;
				INFOPLIST_KEY_UIApplicationSupportsIndirectInputEvents = YES;
				INFOPLIST_KEY_UILaunchScreen_Generation = YES;
				INFOPLIST_KEY_UISupportedInterfaceOrientations = UIInterfaceOrientationPortrait;
				INFOPLIST_KEY_UISupportedInterfaceOrientations_iPad = "UIInterfaceOrientationLandscapeLeft UIInterfaceOrientationLandscapeRight UIInterfaceOrientationPortrait UIInterfaceOrientationPortraitUpsideDown";
				LD_RUNPATH_SEARCH_PATHS = (
					"$(inherited)",
					"@executable_path/Frameworks",
				);
				MARKETING_VERSION = 1.0;
				PRODUCT_BUNDLE_IDENTIFIER = com.dias.app1021;
				PRODUCT_NAME = "$(TARGET_NAME)";
				SUPPORTED_PLATFORMS = "iphoneos iphonesimulator";
				SUPPORTS_MACCATALYST = NO;
				SUPPORTS_MAC_DESIGNED_FOR_IPHONE_IPAD = NO;
				SUPPORTS_XR_DESIGNED_FOR_IPHONE_IPAD = NO;
				SWIFT_EMIT_LOC_STRINGS = YES;
				SWIFT_VERSION = 5.0;
				TARGETED_DEVICE_FAMILY = 1;
			};
			name = Release;
		};
/* End XCBuildConfiguration section */

/* Begin XCConfigurationList section */
		2BA3F6692CCFAD3F00B39110 /* Build configuration list for PBXProject "app1021" */ = {
			isa = XCConfigurationList;
			buildConfigurations = (
				2BA3F67A2CCFAD4100B39110 /* Debug */,
				2BA3F67B2CCFAD4100B39110 /* Release */,
			);
			defaultConfigurationIsVisible = 0;
			defaultConfigurationName = Release;
		};
		2BA3F67C2CCFAD4100B39110 /* Build configuration list for PBXNativeTarget "app1021" */ = {
			isa = XCConfigurationList;
			buildConfigurations = (
				2BA3F67D2CCFAD4100B39110 /* Debug */,
				2BA3F67E2CCFAD4100B39110 /* Release */,
			);
			defaultConfigurationIsVisible = 0;
			defaultConfigurationName = Release;
		};
/* End XCConfigurationList section */
	};
	rootObject = 2BA3F6662CCFAD3F00B39110 /* Project object */;
}
